// !$*UTF8*$!
{
	archiveVersion = 1;
	classes = {
	};
	objectVersion = 50;
	objects = {

/* Begin PBXBuildFile section */
		20317B4C9CB262FB3CF48D25 /* Pods_Todoey.framework in Frameworks */ = {isa = PBXBuildFile; fileRef = 9FAA3847C9972AF9E3863CD2 /* Pods_Todoey.framework */; };
		E3476C1320E160C400301360 /* CategoryTableViewController.swift in Sources */ = {isa = PBXBuildFile; fileRef = E3476C1220E160C400301360 /* CategoryTableViewController.swift */; };
		E3631AFF20E4294A001172CC /* SwipeTableViewController.swift in Sources */ = {isa = PBXBuildFile; fileRef = E3631AFE20E4294A001172CC /* SwipeTableViewController.swift */; };
		E3A6C01F20DD84D4001C38A4 /* AppDelegate.swift in Sources */ = {isa = PBXBuildFile; fileRef = E3A6C01E20DD84D4001C38A4 /* AppDelegate.swift */; };
		E3A6C02120DD84D4001C38A4 /* ToDoListViewController.swift in Sources */ = {isa = PBXBuildFile; fileRef = E3A6C02020DD84D4001C38A4 /* ToDoListViewController.swift */; };
		E3A6C02420DD84D4001C38A4 /* Main.storyboard in Resources */ = {isa = PBXBuildFile; fileRef = E3A6C02220DD84D4001C38A4 /* Main.storyboard */; };
		E3A6C02620DD84D6001C38A4 /* Assets.xcassets in Resources */ = {isa = PBXBuildFile; fileRef = E3A6C02520DD84D6001C38A4 /* Assets.xcassets */; };
		E3A6C02920DD84D6001C38A4 /* LaunchScreen.storyboard in Resources */ = {isa = PBXBuildFile; fileRef = E3A6C02720DD84D6001C38A4 /* LaunchScreen.storyboard */; };
		E3DB7D7520E2B0EF00A68565 /* Item.swift in Sources */ = {isa = PBXBuildFile; fileRef = E3DB7D7420E2B0EF00A68565 /* Item.swift */; };
		E3DB7D7720E2B10300A68565 /* Category.swift in Sources */ = {isa = PBXBuildFile; fileRef = E3DB7D7620E2B10300A68565 /* Category.swift */; };
/* End PBXBuildFile section */

/* Begin PBXFileReference section */
		0DC3AD5143B483F5F5C4E274 /* Pods-Todoey.release.xcconfig */ = {isa = PBXFileReference; includeInIndex = 1; lastKnownFileType = text.xcconfig; name = "Pods-Todoey.release.xcconfig"; path = "Pods/Target Support Files/Pods-Todoey/Pods-Todoey.release.xcconfig"; sourceTree = "<group>"; };
		9FAA3847C9972AF9E3863CD2 /* Pods_Todoey.framework */ = {isa = PBXFileReference; explicitFileType = wrapper.framework; includeInIndex = 0; path = Pods_Todoey.framework; sourceTree = BUILT_PRODUCTS_DIR; };
		C573CE0825554338373640CE /* Pods-Todoey.debug.xcconfig */ = {isa = PBXFileReference; includeInIndex = 1; lastKnownFileType = text.xcconfig; name = "Pods-Todoey.debug.xcconfig"; path = "Pods/Target Support Files/Pods-Todoey/Pods-Todoey.debug.xcconfig"; sourceTree = "<group>"; };
		E3476C1220E160C400301360 /* CategoryTableViewController.swift */ = {isa = PBXFileReference; lastKnownFileType = sourcecode.swift; path = CategoryTableViewController.swift; sourceTree = "<group>"; };
		E3631AFE20E4294A001172CC /* SwipeTableViewController.swift */ = {isa = PBXFileReference; lastKnownFileType = sourcecode.swift; path = SwipeTableViewController.swift; sourceTree = "<group>"; };
		E3A6C01B20DD84D4001C38A4 /* Todoey.app */ = {isa = PBXFileReference; explicitFileType = wrapper.application; includeInIndex = 0; path = Todoey.app; sourceTree = BUILT_PRODUCTS_DIR; };
		E3A6C01E20DD84D4001C38A4 /* AppDelegate.swift */ = {isa = PBXFileReference; lastKnownFileType = sourcecode.swift; path = AppDelegate.swift; sourceTree = "<group>"; };
		E3A6C02020DD84D4001C38A4 /* ToDoListViewController.swift */ = {isa = PBXFileReference; lastKnownFileType = sourcecode.swift; path = ToDoListViewController.swift; sourceTree = "<group>"; };
		E3A6C02320DD84D4001C38A4 /* Base */ = {isa = PBXFileReference; lastKnownFileType = file.storyboard; name = Base; path = Base.lproj/Main.storyboard; sourceTree = "<group>"; };
		E3A6C02520DD84D6001C38A4 /* Assets.xcassets */ = {isa = PBXFileReference; lastKnownFileType = folder.assetcatalog; path = Assets.xcassets; sourceTree = "<group>"; };
		E3A6C02820DD84D6001C38A4 /* Base */ = {isa = PBXFileReference; lastKnownFileType = file.storyboard; name = Base; path = Base.lproj/LaunchScreen.storyboard; sourceTree = "<group>"; };
		E3A6C02A20DD84D6001C38A4 /* Info.plist */ = {isa = PBXFileReference; lastKnownFileType = text.plist.xml; path = Info.plist; sourceTree = "<group>"; };
		E3DB7D7420E2B0EF00A68565 /* Item.swift */ = {isa = PBXFileReference; lastKnownFileType = sourcecode.swift; path = Item.swift; sourceTree = "<group>"; };
		E3DB7D7620E2B10300A68565 /* Category.swift */ = {isa = PBXFileReference; lastKnownFileType = sourcecode.swift; path = Category.swift; sourceTree = "<group>"; };
/* End PBXFileReference section */

/* Begin PBXFrameworksBuildPhase section */
		E3A6C01820DD84D4001C38A4 /* Frameworks */ = {
			isa = PBXFrameworksBuildPhase;
			buildActionMask = 2147483647;
			files = (
				20317B4C9CB262FB3CF48D25 /* Pods_Todoey.framework in Frameworks */,
			);
			runOnlyForDeploymentPostprocessing = 0;
		};
/* End PBXFrameworksBuildPhase section */

/* Begin PBXGroup section */
		B918449BFD09C533CCC0AC15 /* Pods */ = {
			isa = PBXGroup;
			children = (
				C573CE0825554338373640CE /* Pods-Todoey.debug.xcconfig */,
				0DC3AD5143B483F5F5C4E274 /* Pods-Todoey.release.xcconfig */,
			);
			name = Pods;
			sourceTree = "<group>";
		};
		E3A6C01220DD84D4001C38A4 = {
			isa = PBXGroup;
			children = (
				E3A6C01D20DD84D4001C38A4 /* Todoey */,
				E3A6C01C20DD84D4001C38A4 /* Products */,
				B918449BFD09C533CCC0AC15 /* Pods */,
				ED66343C83D7E13BD24E90E7 /* Frameworks */,
			);
			sourceTree = "<group>";
		};
		E3A6C01C20DD84D4001C38A4 /* Products */ = {
			isa = PBXGroup;
			children = (
				E3A6C01B20DD84D4001C38A4 /* Todoey.app */,
			);
			name = Products;
			sourceTree = "<group>";
		};
		E3A6C01D20DD84D4001C38A4 /* Todoey */ = {
			isa = PBXGroup;
			children = (
				E3A6C01E20DD84D4001C38A4 /* AppDelegate.swift */,
				E3A6C03420DF032D001C38A4 /* Controller */,
				E3A6C03320DF0324001C38A4 /* View */,
				E3A6C03220DF0310001C38A4 /* Model */,
				E3A6C03520DF0385001C38A4 /* Supporting files */,
				E3A6C02A20DD84D6001C38A4 /* Info.plist */,
			);
			path = Todoey;
			sourceTree = "<group>";
		};
		E3A6C03220DF0310001C38A4 /* Model */ = {
			isa = PBXGroup;
			children = (
				E3DB7D7620E2B10300A68565 /* Category.swift */,
				E3DB7D7420E2B0EF00A68565 /* Item.swift */,
			);
			path = Model;
			sourceTree = "<group>";
		};
		E3A6C03320DF0324001C38A4 /* View */ = {
			isa = PBXGroup;
			children = (
				E3A6C02220DD84D4001C38A4 /* Main.storyboard */,
			);
			path = View;
			sourceTree = "<group>";
		};
		E3A6C03420DF032D001C38A4 /* Controller */ = {
			isa = PBXGroup;
			children = (
				E3476C1220E160C400301360 /* CategoryTableViewController.swift */,
				E3A6C02020DD84D4001C38A4 /* ToDoListViewController.swift */,
				E3631AFE20E4294A001172CC /* SwipeTableViewController.swift */,
			);
			path = Controller;
			sourceTree = "<group>";
		};
		E3A6C03520DF0385001C38A4 /* Supporting files */ = {
			isa = PBXGroup;
			children = (
				E3A6C02520DD84D6001C38A4 /* Assets.xcassets */,
				E3A6C02720DD84D6001C38A4 /* LaunchScreen.storyboard */,
			);
			path = "Supporting files";
			sourceTree = "<group>";
		};
		ED66343C83D7E13BD24E90E7 /* Frameworks */ = {
			isa = PBXGroup;
			children = (
				9FAA3847C9972AF9E3863CD2 /* Pods_Todoey.framework */,
			);
			name = Frameworks;
			sourceTree = "<group>";
		};
/* End PBXGroup section */

/* Begin PBXNativeTarget section */
		E3A6C01A20DD84D4001C38A4 /* Todoey */ = {
			isa = PBXNativeTarget;
			buildConfigurationList = E3A6C02D20DD84D6001C38A4 /* Build configuration list for PBXNativeTarget "Todoey" */;
			buildPhases = (
				1F90849E18522702AF1A10D3 /* [CP] Check Pods Manifest.lock */,
				E3A6C01720DD84D4001C38A4 /* Sources */,
				E3A6C01820DD84D4001C38A4 /* Frameworks */,
				E3A6C01920DD84D4001C38A4 /* Resources */,
				E9C534C2A20662FBCB53E20B /* [CP] Embed Pods Frameworks */,
			);
			buildRules = (
			);
			dependencies = (
			);
			name = Todoey;
			productName = Todoey;
			productReference = E3A6C01B20DD84D4001C38A4 /* Todoey.app */;
			productType = "com.apple.product-type.application";
		};
/* End PBXNativeTarget section */

/* Begin PBXProject section */
		E3A6C01320DD84D4001C38A4 /* Project object */ = {
			isa = PBXProject;
			attributes = {
				LastSwiftUpdateCheck = 0940;
				LastUpgradeCheck = 0940;
				ORGANIZATIONNAME = "Tommy Krohn";
				TargetAttributes = {
					E3A6C01A20DD84D4001C38A4 = {
						CreatedOnToolsVersion = 9.4.1;
					};
				};
			};
			buildConfigurationList = E3A6C01620DD84D4001C38A4 /* Build configuration list for PBXProject "Todoey" */;
			compatibilityVersion = "Xcode 9.3";
			developmentRegion = en;
			hasScannedForEncodings = 0;
			knownRegions = (
				en,
				Base,
			);
			mainGroup = E3A6C01220DD84D4001C38A4;
			productRefGroup = E3A6C01C20DD84D4001C38A4 /* Products */;
			projectDirPath = "";
			projectRoot = "";
			targets = (
				E3A6C01A20DD84D4001C38A4 /* Todoey */,
			);
		};
/* End PBXProject section */

/* Begin PBXResourcesBuildPhase section */
		E3A6C01920DD84D4001C38A4 /* Resources */ = {
			isa = PBXResourcesBuildPhase;
			buildActionMask = 2147483647;
			files = (
				E3A6C02920DD84D6001C38A4 /* LaunchScreen.storyboard in Resources */,
				E3A6C02620DD84D6001C38A4 /* Assets.xcassets in Resources */,
				E3A6C02420DD84D4001C38A4 /* Main.storyboard in Resources */,
			);
			runOnlyForDeploymentPostprocessing = 0;
		};
/* End PBXResourcesBuildPhase section */

/* Begin PBXShellScriptBuildPhase section */
		1F90849E18522702AF1A10D3 /* [CP] Check Pods Manifest.lock */ = {
			isa = PBXShellScriptBuildPhase;
			buildActionMask = 2147483647;
			files = (
			);
			inputPaths = (
				"${PODS_PODFILE_DIR_PATH}/Podfile.lock",
				"${PODS_ROOT}/Manifest.lock",
			);
			name = "[CP] Check Pods Manifest.lock";
			outputPaths = (
				"$(DERIVED_FILE_DIR)/Pods-Todoey-checkManifestLockResult.txt",
			);
			runOnlyForDeploymentPostprocessing = 0;
			shellPath = /bin/sh;
			shellScript = "diff \"${PODS_PODFILE_DIR_PATH}/Podfile.lock\" \"${PODS_ROOT}/Manifest.lock\" > /dev/null\nif [ $? != 0 ] ; then\n    # print error to STDERR\n    echo \"error: The sandbox is not in sync with the Podfile.lock. Run 'pod install' or update your CocoaPods installation.\" >&2\n    exit 1\nfi\n# This output is used by Xcode 'outputs' to avoid re-running this script phase.\necho \"SUCCESS\" > \"${SCRIPT_OUTPUT_FILE_0}\"\n";
			showEnvVarsInLog = 0;
		};
		E9C534C2A20662FBCB53E20B /* [CP] Embed Pods Frameworks */ = {
			isa = PBXShellScriptBuildPhase;
			buildActionMask = 2147483647;
			files = (
			);
			inputPaths = (
				"${SRCROOT}/Pods/Target Support Files/Pods-Todoey/Pods-Todoey-frameworks.sh",
				"${BUILT_PRODUCTS_DIR}/Realm/Realm.framework",
				"${BUILT_PRODUCTS_DIR}/RealmSwift/RealmSwift.framework",
				"${BUILT_PRODUCTS_DIR}/SwipeCellKit/SwipeCellKit.framework",
			);
			name = "[CP] Embed Pods Frameworks";
			outputPaths = (
				"${TARGET_BUILD_DIR}/${FRAMEWORKS_FOLDER_PATH}/Realm.framework",
				"${TARGET_BUILD_DIR}/${FRAMEWORKS_FOLDER_PATH}/RealmSwift.framework",
				"${TARGET_BUILD_DIR}/${FRAMEWORKS_FOLDER_PATH}/SwipeCellKit.framework",
			);
			runOnlyForDeploymentPostprocessing = 0;
			shellPath = /bin/sh;
			shellScript = "\"${SRCROOT}/Pods/Target Support Files/Pods-Todoey/Pods-Todoey-frameworks.sh\"\n";
			showEnvVarsInLog = 0;
		};
/* End PBXShellScriptBuildPhase section */

/* Begin PBXSourcesBuildPhase section */
		E3A6C01720DD84D4001C38A4 /* Sources */ = {
			isa = PBXSourcesBuildPhase;
			buildActionMask = 2147483647;
			files = (
				E3DB7D7520E2B0EF00A68565 /* Item.swift in Sources */,
				E3A6C02120DD84D4001C38A4 /* ToDoListViewController.swift in Sources */,
				E3A6C01F20DD84D4001C38A4 /* AppDelegate.swift in Sources */,
				E3476C1320E160C400301360 /* CategoryTableViewController.swift in Sources */,
				E3631AFF20E4294A001172CC /* SwipeTableViewController.swift in Sources */,
				E3DB7D7720E2B10300A68565 /* Category.swift in Sources */,
			);
			runOnlyForDeploymentPostprocessing = 0;
		};
/* End PBXSourcesBuildPhase section */

/* Begin PBXVariantGroup section */
		E3A6C02220DD84D4001C38A4 /* Main.storyboard */ = {
			isa = PBXVariantGroup;
			children = (
				E3A6C02320DD84D4001C38A4 /* Base */,
			);
			name = Main.storyboard;
			sourceTree = "<group>";
		};
		E3A6C02720DD84D6001C38A4 /* LaunchScreen.storyboard */ = {
			isa = PBXVariantGroup;
			children = (
				E3A6C02820DD84D6001C38A4 /* Base */,
			);
			name = LaunchScreen.storyboard;
			sourceTree = "<group>";
		};
/* End PBXVariantGroup section */

/* Begin XCBuildConfiguration section */
		E3A6C02B20DD84D6001C38A4 /* Debug */ = {
			isa = XCBuildConfiguration;
			buildSettings = {
				ALWAYS_SEARCH_USER_PATHS = NO;
				CLANG_ANALYZER_NONNULL = YES;
				CLANG_ANALYZER_NUMBER_OBJECT_CONVERSION = YES_AGGRESSIVE;
				CLANG_CXX_LANGUAGE_STANDARD = "gnu++14";
				CLANG_CXX_LIBRARY = "libc++";
				CLANG_ENABLE_MODULES = YES;
				CLANG_ENABLE_OBJC_ARC = YES;
				CLANG_ENABLE_OBJC_WEAK = YES;
				CLANG_WARN_BLOCK_CAPTURE_AUTORELEASING = YES;
				CLANG_WARN_BOOL_CONVERSION = YES;
				CLANG_WARN_COMMA = YES;
				CLANG_WARN_CONSTANT_CONVERSION = YES;
				CLANG_WARN_DEPRECATED_OBJC_IMPLEMENTATIONS = YES;
				CLANG_WARN_DIRECT_OBJC_ISA_USAGE = YES_ERROR;
				CLANG_WARN_DOCUMENTATION_COMMENTS = YES;
				CLANG_WARN_EMPTY_BODY = YES;
				CLANG_WARN_ENUM_CONVERSION = YES;
				CLANG_WARN_INFINITE_RECURSION = YES;
				CLANG_WARN_INT_CONVERSION = YES;
				CLANG_WARN_NON_LITERAL_NULL_CONVERSION = YES;
				CLANG_WARN_OBJC_IMPLICIT_RETAIN_SELF = YES;
				CLANG_WARN_OBJC_LITERAL_CONVERSION = YES;
				CLANG_WARN_OBJC_ROOT_CLASS = YES_ERROR;
				CLANG_WARN_RANGE_LOOP_ANALYSIS = YES;
				CLANG_WARN_STRICT_PROTOTYPES = YES;
				CLANG_WARN_SUSPICIOUS_MOVE = YES;
				CLANG_WARN_UNGUARDED_AVAILABILITY = YES_AGGRESSIVE;
				CLANG_WARN_UNREACHABLE_CODE = YES;
				CLANG_WARN__DUPLICATE_METHOD_MATCH = YES;
				CODE_SIGN_IDENTITY = "iPhone Developer";
				COPY_PHASE_STRIP = NO;
				DEBUG_INFORMATION_FORMAT = dwarf;
				ENABLE_STRICT_OBJC_MSGSEND = YES;
				ENABLE_TESTABILITY = YES;
				GCC_C_LANGUAGE_STANDARD = gnu11;
				GCC_DYNAMIC_NO_PIC = NO;
				GCC_NO_COMMON_BLOCKS = YES;
				GCC_OPTIMIZATION_LEVEL = 0;
				GCC_PREPROCESSOR_DEFINITIONS = (
					"DEBUG=1",
					"$(inherited)",
				);
				GCC_WARN_64_TO_32_BIT_CONVERSION = YES;
				GCC_WARN_ABOUT_RETURN_TYPE = YES_ERROR;
				GCC_WARN_UNDECLARED_SELECTOR = YES;
				GCC_WARN_UNINITIALIZED_AUTOS = YES_AGGRESSIVE;
				GCC_WARN_UNUSED_FUNCTION = YES;
				GCC_WARN_UNUSED_VARIABLE = YES;
				IPHONEOS_DEPLOYMENT_TARGET = 11.4;
				MTL_ENABLE_DEBUG_INFO = YES;
				ONLY_ACTIVE_ARCH = YES;
				SDKROOT = iphoneos;
				SWIFT_ACTIVE_COMPILATION_CONDITIONS = DEBUG;
				SWIFT_OPTIMIZATION_LEVEL = "-Onone";
			};
			name = Debug;
		};
		E3A6C02C20DD84D6001C38A4 /* Release */ = {
			isa = XCBuildConfiguration;
			buildSettings = {
				ALWAYS_SEARCH_USER_PATHS = NO;
				CLANG_ANALYZER_NONNULL = YES;
				CLANG_ANALYZER_NUMBER_OBJECT_CONVERSION = YES_AGGRESSIVE;
				CLANG_CXX_LANGUAGE_STANDARD = "gnu++14";
				CLANG_CXX_LIBRARY = "libc++";
				CLANG_ENABLE_MODULES = YES;
				CLANG_ENABLE_OBJC_ARC = YES;
				CLANG_ENABLE_OBJC_WEAK = YES;
				CLANG_WARN_BLOCK_CAPTURE_AUTORELEASING = YES;
				CLANG_WARN_BOOL_CONVERSION = YES;
				CLANG_WARN_COMMA = YES;
				CLANG_WARN_CONSTANT_CONVERSION = YES;
				CLANG_WARN_DEPRECATED_OBJC_IMPLEMENTATIONS = YES;
				CLANG_WARN_DIRECT_OBJC_ISA_USAGE = YES_ERROR;
				CLANG_WARN_DOCUMENTATION_COMMENTS = YES;
				CLANG_WARN_EMPTY_BODY = YES;
				CLANG_WARN_ENUM_CONVERSION = YES;
				CLANG_WARN_INFINITE_RECURSION = YES;
				CLANG_WARN_INT_CONVERSION = YES;
				CLANG_WARN_NON_LITERAL_NULL_CONVERSION = YES;
				CLANG_WARN_OBJC_IMPLICIT_RETAIN_SELF = YES;
				CLANG_WARN_OBJC_LITERAL_CONVERSION = YES;
				CLANG_WARN_OBJC_ROOT_CLASS = YES_ERROR;
				CLANG_WARN_RANGE_LOOP_ANALYSIS = YES;
				CLANG_WARN_STRICT_PROTOTYPES = YES;
				CLANG_WARN_SUSPICIOUS_MOVE = YES;
				CLANG_WARN_UNGUARDED_AVAILABILITY = YES_AGGRESSIVE;
				CLANG_WARN_UNREACHABLE_CODE = YES;
				CLANG_WARN__DUPLICATE_METHOD_MATCH = YES;
				CODE_SIGN_IDENTITY = "iPhone Developer";
				COPY_PHASE_STRIP = NO;
				DEBUG_INFORMATION_FORMAT = "dwarf-with-dsym";
				ENABLE_NS_ASSERTIONS = NO;
				ENABLE_STRICT_OBJC_MSGSEND = YES;
				GCC_C_LANGUAGE_STANDARD = gnu11;
				GCC_NO_COMMON_BLOCKS = YES;
				GCC_WARN_64_TO_32_BIT_CONVERSION = YES;
				GCC_WARN_ABOUT_RETURN_TYPE = YES_ERROR;
				GCC_WARN_UNDECLARED_SELECTOR = YES;
				GCC_WARN_UNINITIALIZED_AUTOS = YES_AGGRESSIVE;
				GCC_WARN_UNUSED_FUNCTION = YES;
				GCC_WARN_UNUSED_VARIABLE = YES;
				IPHONEOS_DEPLOYMENT_TARGET = 11.4;
				MTL_ENABLE_DEBUG_INFO = NO;
				SDKROOT = iphoneos;
				SWIFT_COMPILATION_MODE = wholemodule;
				SWIFT_OPTIMIZATION_LEVEL = "-O";
				VALIDATE_PRODUCT = YES;
			};
			name = Release;
		};
		E3A6C02E20DD84D6001C38A4 /* Debug */ = {
			isa = XCBuildConfiguration;
			baseConfigurationReference = C573CE0825554338373640CE /* Pods-Todoey.debug.xcconfig */;
			buildSettings = {
				ASSETCATALOG_COMPILER_APPICON_NAME = AppIcon;
				CODE_SIGN_STYLE = Automatic;
				DEVELOPMENT_TEAM = R6U2KY6T34;
				INFOPLIST_FILE = Todoey/Info.plist;
				LD_RUNPATH_SEARCH_PATHS = (
					"$(inherited)",
					"@executable_path/Frameworks",
				);
				PRODUCT_BUNDLE_IDENTIFIER = com.loboSoft.Todoey;
				PRODUCT_NAME = "$(TARGET_NAME)";
				SWIFT_VERSION = 4.0;
				TARGETED_DEVICE_FAMILY = "1,2";
			};
			name = Debug;
		};
		E3A6C02F20DD84D6001C38A4 /* Release */ = {
			isa = XCBuildConfiguration;
			baseConfigurationReference = 0DC3AD5143B483F5F5C4E274 /* Pods-Todoey.release.xcconfig */;
			buildSettings = {
				ASSETCATALOG_COMPILER_APPICON_NAME = AppIcon;
				CODE_SIGN_STYLE = Automatic;
				DEVELOPMENT_TEAM = R6U2KY6T34;
				INFOPLIST_FILE = Todoey/Info.plist;
				LD_RUNPATH_SEARCH_PATHS = (
					"$(inherited)",
					"@executable_path/Frameworks",
				);
				PRODUCT_BUNDLE_IDENTIFIER = com.loboSoft.Todoey;
				PRODUCT_NAME = "$(TARGET_NAME)";
				SWIFT_VERSION = 4.0;
				TARGETED_DEVICE_FAMILY = "1,2";
			};
			name = Release;
		};
/* End XCBuildConfiguration section */

/* Begin XCConfigurationList section */
		E3A6C01620DD84D4001C38A4 /* Build configuration list for PBXProject "Todoey" */ = {
			isa = XCConfigurationList;
			buildConfigurations = (
				E3A6C02B20DD84D6001C38A4 /* Debug */,
				E3A6C02C20DD84D6001C38A4 /* Release */,
			);
			defaultConfigurationIsVisible = 0;
			defaultConfigurationName = Release;
		};
		E3A6C02D20DD84D6001C38A4 /* Build configuration list for PBXNativeTarget "Todoey" */ = {
			isa = XCConfigurationList;
			buildConfigurations = (
				E3A6C02E20DD84D6001C38A4 /* Debug */,
				E3A6C02F20DD84D6001C38A4 /* Release */,
			);
			defaultConfigurationIsVisible = 0;
			defaultConfigurationName = Release;
		};
/* End XCConfigurationList section */
	};
	rootObject = E3A6C01320DD84D4001C38A4 /* Project object */;
}
